
Microsoft Visual Studio Solution File, Format Version 12.00
# Visual Studio Version 16
VisualStudioVersion = 16.0.29215.179
MinimumVisualStudioVersion = 10.0.40219.1
Project("{FAE04EC0-301F-11D3-BF4B-00C04F79EFBC}") = "SIS.HTTP", "SIS.HTTP\SIS.HTTP.csproj", "{E8E69E8C-B922-472A-93DA-340651503AD7}"
EndProject
Project("{FAE04EC0-301F-11D3-BF4B-00C04F79EFBC}") = "SIS.WebServer", "SIS.WebServer\SIS.WebServer.csproj", "{7A865212-221C-44EA-881E-D6B4AEC4BDD1}"
EndProject
Global
	GlobalSection(SolutionConfigurationPlatforms) = preSolution
		Debug|Any CPU = Debug|Any CPU
		Release|Any CPU = Release|Any CPU
	EndGlobalSection
	GlobalSection(ProjectConfigurationPlatforms) = postSolution
		{E8E69E8C-B922-472A-93DA-340651503AD7}.Debug|Any CPU.ActiveCfg = Debug|Any CPU
		{E8E69E8C-B922-472A-93DA-340651503AD7}.Debug|Any CPU.Build.0 = Debug|Any CPU
		{E8E69E8C-B922-472A-93DA-340651503AD7}.Release|Any CPU.ActiveCfg = Release|Any CPU
		{E8E69E8C-B922-472A-93DA-340651503AD7}.Release|Any CPU.Build.0 = Release|Any CPU
		{7A865212-221C-44EA-881E-D6B4AEC4BDD1}.Debug|Any CPU.ActiveCfg = Debug|Any CPU
		{7A865212-221C-44EA-881E-D6B4AEC4BDD1}.Debug|Any CPU.Build.0 = Debug|Any CPU
		{7A865212-221C-44EA-881E-D6B4AEC4BDD1}.Release|Any CPU.ActiveCfg = Release|Any CPU
		{7A865212-221C-44EA-881E-D6B4AEC4BDD1}.Release|Any CPU.Build.0 = Release|Any CPU
	EndGlobalSection
	GlobalSection(SolutionProperties) = preSolution
		HideSolutionNode = FALSE
	EndGlobalSection
	GlobalSection(ExtensibilityGlobals) = postSolution
		SolutionGuid = {124807FA-A284-4FFD-875E-6B6CA6918152}
	EndGlobalSection
EndGlobal
